// !$*UTF8*$!
{
	archiveVersion = 1;
	classes = {
	};
	objectVersion = 50;
	objects = {

/* Begin PBXBuildFile section */
		9376548623A996DD007A9CB5 /* Reachability.swift in Sources */ = {isa = PBXBuildFile; fileRef = 9376548523A996DD007A9CB5 /* Reachability.swift */; };
		93C6354C23A2E164002C9437 /* AppDelegate.swift in Sources */ = {isa = PBXBuildFile; fileRef = 93C6354B23A2E164002C9437 /* AppDelegate.swift */; };
		93C6354E23A2E164002C9437 /* SceneDelegate.swift in Sources */ = {isa = PBXBuildFile; fileRef = 93C6354D23A2E164002C9437 /* SceneDelegate.swift */; };
		93C6355023A2E164002C9437 /* MapViewController.swift in Sources */ = {isa = PBXBuildFile; fileRef = 93C6354F23A2E164002C9437 /* MapViewController.swift */; };
		93C6355323A2E164002C9437 /* Main.storyboard in Resources */ = {isa = PBXBuildFile; fileRef = 93C6355123A2E164002C9437 /* Main.storyboard */; };
		93C6355523A2E168002C9437 /* Assets.xcassets in Resources */ = {isa = PBXBuildFile; fileRef = 93C6355423A2E168002C9437 /* Assets.xcassets */; };
		93C6355823A2E168002C9437 /* LaunchScreen.storyboard in Resources */ = {isa = PBXBuildFile; fileRef = 93C6355623A2E168002C9437 /* LaunchScreen.storyboard */; };
		93D2AA7F23A2E6E400402DCA /* MemeEditorViewController.swift in Sources */ = {isa = PBXBuildFile; fileRef = 93D2AA7E23A2E6E400402DCA /* MemeEditorViewController.swift */; };
		93D2AA8123A2E6F800402DCA /* MemeDetailViewController.swift in Sources */ = {isa = PBXBuildFile; fileRef = 93D2AA8023A2E6F800402DCA /* MemeDetailViewController.swift */; };
		93D2AA8323A2E71600402DCA /* SentMemesCollectionViewController.swift in Sources */ = {isa = PBXBuildFile; fileRef = 93D2AA8223A2E71600402DCA /* SentMemesCollectionViewController.swift */; };
		93D2AA8523A2E73200402DCA /* SentMemesTableViewController.swift in Sources */ = {isa = PBXBuildFile; fileRef = 93D2AA8423A2E73200402DCA /* SentMemesTableViewController.swift */; };
		93D2AA8723A2E76D00402DCA /* PicCollectionViewController.swift in Sources */ = {isa = PBXBuildFile; fileRef = 93D2AA8623A2E76D00402DCA /* PicCollectionViewController.swift */; };
		93D2AA8923A2E78400402DCA /* UIViewController+Additions.swift in Sources */ = {isa = PBXBuildFile; fileRef = 93D2AA8823A2E78400402DCA /* UIViewController+Additions.swift */; };
		93D2AA8B23A2E79200402DCA /* PicCollectionViewController+Extensions.swift in Sources */ = {isa = PBXBuildFile; fileRef = 93D2AA8A23A2E79200402DCA /* PicCollectionViewController+Extensions.swift */; };
		93D2AA8D23A2E79F00402DCA /* MapViewController+Extension.swift in Sources */ = {isa = PBXBuildFile; fileRef = 93D2AA8C23A2E79F00402DCA /* MapViewController+Extension.swift */; };
		93D2AA8F23A2E7BF00402DCA /* Flickr.swift in Sources */ = {isa = PBXBuildFile; fileRef = 93D2AA8E23A2E7BF00402DCA /* Flickr.swift */; };
		93D2AA9123A2E7CC00402DCA /* API.swift in Sources */ = {isa = PBXBuildFile; fileRef = 93D2AA9023A2E7CC00402DCA /* API.swift */; };
		93D2AA9323A2E7E500402DCA /* Meme.swift in Sources */ = {isa = PBXBuildFile; fileRef = 93D2AA9223A2E7E500402DCA /* Meme.swift */; };
		93D2AA9523A2E80300402DCA /* Photo.swift in Sources */ = {isa = PBXBuildFile; fileRef = 93D2AA9423A2E80300402DCA /* Photo.swift */; };
		93D2AA9723A2E81100402DCA /* Photo+CoreDataProperties.swift in Sources */ = {isa = PBXBuildFile; fileRef = 93D2AA9623A2E81100402DCA /* Photo+CoreDataProperties.swift */; };
		93D2AA9B23A2E83200402DCA /* Pin.swift in Sources */ = {isa = PBXBuildFile; fileRef = 93D2AA9A23A2E83200402DCA /* Pin.swift */; };
		93D2AA9D23A2E84600402DCA /* Pin+CoreDataProperties.swift in Sources */ = {isa = PBXBuildFile; fileRef = 93D2AA9C23A2E84600402DCA /* Pin+CoreDataProperties.swift */; };
		93D2AA9F23A2E85700402DCA /* CoreData.swift in Sources */ = {isa = PBXBuildFile; fileRef = 93D2AA9E23A2E85700402DCA /* CoreData.swift */; };
		93D2AAA123A2E87200402DCA /* SentMemesCollectionViewCell.swift in Sources */ = {isa = PBXBuildFile; fileRef = 93D2AAA023A2E87200402DCA /* SentMemesCollectionViewCell.swift */; };
		93D2AAA323A2E89B00402DCA /* PicCollectionViewControllerCell.swift in Sources */ = {isa = PBXBuildFile; fileRef = 93D2AAA223A2E89B00402DCA /* PicCollectionViewControllerCell.swift */; };
		93D2AAA523A2E8F600402DCA /* GCDBlackBox.swift in Sources */ = {isa = PBXBuildFile; fileRef = 93D2AAA423A2E8F600402DCA /* GCDBlackBox.swift */; };
		93D2AAA823A2F70200402DCA /* Virtual_Tourist.xcdatamodeld in Sources */ = {isa = PBXBuildFile; fileRef = 93D2AAA623A2F70200402DCA /* Virtual_Tourist.xcdatamodeld */; };
/* End PBXBuildFile section */

/* Begin PBXFileReference section */
		9376548523A996DD007A9CB5 /* Reachability.swift */ = {isa = PBXFileReference; lastKnownFileType = sourcecode.swift; path = Reachability.swift; sourceTree = "<group>"; };
		93C6354823A2E164002C9437 /* TouristMeme.app */ = {isa = PBXFileReference; explicitFileType = wrapper.application; includeInIndex = 0; path = TouristMeme.app; sourceTree = BUILT_PRODUCTS_DIR; };
		93C6354B23A2E164002C9437 /* AppDelegate.swift */ = {isa = PBXFileReference; lastKnownFileType = sourcecode.swift; path = AppDelegate.swift; sourceTree = "<group>"; };
		93C6354D23A2E164002C9437 /* SceneDelegate.swift */ = {isa = PBXFileReference; lastKnownFileType = sourcecode.swift; path = SceneDelegate.swift; sourceTree = "<group>"; };
		93C6354F23A2E164002C9437 /* MapViewController.swift */ = {isa = PBXFileReference; lastKnownFileType = sourcecode.swift; path = MapViewController.swift; sourceTree = "<group>"; };
		93C6355223A2E164002C9437 /* Base */ = {isa = PBXFileReference; lastKnownFileType = file.storyboard; name = Base; path = Base.lproj/Main.storyboard; sourceTree = "<group>"; };
		93C6355423A2E168002C9437 /* Assets.xcassets */ = {isa = PBXFileReference; lastKnownFileType = folder.assetcatalog; path = Assets.xcassets; sourceTree = "<group>"; };
		93C6355723A2E168002C9437 /* Base */ = {isa = PBXFileReference; lastKnownFileType = file.storyboard; name = Base; path = Base.lproj/LaunchScreen.storyboard; sourceTree = "<group>"; };
		93C6355923A2E168002C9437 /* Info.plist */ = {isa = PBXFileReference; lastKnownFileType = text.plist.xml; path = Info.plist; sourceTree = "<group>"; };
		93D2AA7E23A2E6E400402DCA /* MemeEditorViewController.swift */ = {isa = PBXFileReference; lastKnownFileType = sourcecode.swift; path = MemeEditorViewController.swift; sourceTree = "<group>"; };
		93D2AA8023A2E6F800402DCA /* MemeDetailViewController.swift */ = {isa = PBXFileReference; lastKnownFileType = sourcecode.swift; path = MemeDetailViewController.swift; sourceTree = "<group>"; };
		93D2AA8223A2E71600402DCA /* SentMemesCollectionViewController.swift */ = {isa = PBXFileReference; lastKnownFileType = sourcecode.swift; path = SentMemesCollectionViewController.swift; sourceTree = "<group>"; };
		93D2AA8423A2E73200402DCA /* SentMemesTableViewController.swift */ = {isa = PBXFileReference; lastKnownFileType = sourcecode.swift; path = SentMemesTableViewController.swift; sourceTree = "<group>"; };
		93D2AA8623A2E76D00402DCA /* PicCollectionViewController.swift */ = {isa = PBXFileReference; lastKnownFileType = sourcecode.swift; path = PicCollectionViewController.swift; sourceTree = "<group>"; };
		93D2AA8823A2E78400402DCA /* UIViewController+Additions.swift */ = {isa = PBXFileReference; lastKnownFileType = sourcecode.swift; path = "UIViewController+Additions.swift"; sourceTree = "<group>"; };
		93D2AA8A23A2E79200402DCA /* PicCollectionViewController+Extensions.swift */ = {isa = PBXFileReference; lastKnownFileType = sourcecode.swift; path = "PicCollectionViewController+Extensions.swift"; sourceTree = "<group>"; };
		93D2AA8C23A2E79F00402DCA /* MapViewController+Extension.swift */ = {isa = PBXFileReference; lastKnownFileType = sourcecode.swift; path = "MapViewController+Extension.swift"; sourceTree = "<group>"; };
		93D2AA8E23A2E7BF00402DCA /* Flickr.swift */ = {isa = PBXFileReference; lastKnownFileType = sourcecode.swift; path = Flickr.swift; sourceTree = "<group>"; };
		93D2AA9023A2E7CC00402DCA /* API.swift */ = {isa = PBXFileReference; lastKnownFileType = sourcecode.swift; path = API.swift; sourceTree = "<group>"; };
		93D2AA9223A2E7E500402DCA /* Meme.swift */ = {isa = PBXFileReference; lastKnownFileType = sourcecode.swift; path = Meme.swift; sourceTree = "<group>"; };
		93D2AA9423A2E80300402DCA /* Photo.swift */ = {isa = PBXFileReference; lastKnownFileType = sourcecode.swift; path = Photo.swift; sourceTree = "<group>"; };
		93D2AA9623A2E81100402DCA /* Photo+CoreDataProperties.swift */ = {isa = PBXFileReference; lastKnownFileType = sourcecode.swift; path = "Photo+CoreDataProperties.swift"; sourceTree = "<group>"; };
		93D2AA9A23A2E83200402DCA /* Pin.swift */ = {isa = PBXFileReference; lastKnownFileType = sourcecode.swift; path = Pin.swift; sourceTree = "<group>"; };
		93D2AA9C23A2E84600402DCA /* Pin+CoreDataProperties.swift */ = {isa = PBXFileReference; lastKnownFileType = sourcecode.swift; path = "Pin+CoreDataProperties.swift"; sourceTree = "<group>"; };
		93D2AA9E23A2E85700402DCA /* CoreData.swift */ = {isa = PBXFileReference; lastKnownFileType = sourcecode.swift; path = CoreData.swift; sourceTree = "<group>"; };
		93D2AAA023A2E87200402DCA /* SentMemesCollectionViewCell.swift */ = {isa = PBXFileReference; lastKnownFileType = sourcecode.swift; path = SentMemesCollectionViewCell.swift; sourceTree = "<group>"; };
		93D2AAA223A2E89B00402DCA /* PicCollectionViewControllerCell.swift */ = {isa = PBXFileReference; lastKnownFileType = sourcecode.swift; path = PicCollectionViewControllerCell.swift; sourceTree = "<group>"; };
		93D2AAA423A2E8F600402DCA /* GCDBlackBox.swift */ = {isa = PBXFileReference; lastKnownFileType = sourcecode.swift; path = GCDBlackBox.swift; sourceTree = "<group>"; };
		93D2AAA723A2F70200402DCA /* Virtual_Tourist.xcdatamodel */ = {isa = PBXFileReference; lastKnownFileType = wrapper.xcdatamodel; path = Virtual_Tourist.xcdatamodel; sourceTree = "<group>"; };
/* End PBXFileReference section */

/* Begin PBXFrameworksBuildPhase section */
		93C6354523A2E164002C9437 /* Frameworks */ = {
			isa = PBXFrameworksBuildPhase;
			buildActionMask = 2147483647;
			files = (
			);
			runOnlyForDeploymentPostprocessing = 0;
		};
/* End PBXFrameworksBuildPhase section */

/* Begin PBXGroup section */
		93C6353F23A2E164002C9437 = {
			isa = PBXGroup;
			children = (
				93C6354A23A2E164002C9437 /* TouristMeme */,
				93C6354923A2E164002C9437 /* Products */,
			);
			sourceTree = "<group>";
		};
		93C6354923A2E164002C9437 /* Products */ = {
			isa = PBXGroup;
			children = (
				93C6354823A2E164002C9437 /* TouristMeme.app */,
			);
			name = Products;
			sourceTree = "<group>";
		};
		93C6354A23A2E164002C9437 /* TouristMeme */ = {
			isa = PBXGroup;
			children = (
				93C6354B23A2E164002C9437 /* AppDelegate.swift */,
				93C6354D23A2E164002C9437 /* SceneDelegate.swift */,
				93C6355923A2E168002C9437 /* Info.plist */,
				93C6356523A2E201002C9437 /* Resources */,
				93D2AA7B23A2E60D00402DCA /* StoryBoards */,
				93C6356423A2E1FC002C9437 /* Utalities */,
				93C6356223A2E1EF002C9437 /* Extinsions */,
				93C6356123A2E1E9002C9437 /* Controller */,
				93C6356323A2E1F5002C9437 /* Model */,
				93C6355F23A2E1C6002C9437 /* View */,
			);
			path = TouristMeme;
			sourceTree = "<group>";
		};
		93C6355F23A2E1C6002C9437 /* View */ = {
			isa = PBXGroup;
			children = (
				93C6356023A2E1CA002C9437 /* Cells */,
			);
			path = View;
			sourceTree = "<group>";
		};
		93C6356023A2E1CA002C9437 /* Cells */ = {
			isa = PBXGroup;
			children = (
				93D2AAA023A2E87200402DCA /* SentMemesCollectionViewCell.swift */,
				93D2AAA223A2E89B00402DCA /* PicCollectionViewControllerCell.swift */,
			);
			path = Cells;
			sourceTree = "<group>";
		};
		93C6356123A2E1E9002C9437 /* Controller */ = {
			isa = PBXGroup;
			children = (
				93C6354F23A2E164002C9437 /* MapViewController.swift */,
				93D2AA7E23A2E6E400402DCA /* MemeEditorViewController.swift */,
				93D2AA8023A2E6F800402DCA /* MemeDetailViewController.swift */,
				93D2AA8223A2E71600402DCA /* SentMemesCollectionViewController.swift */,
				93D2AA8423A2E73200402DCA /* SentMemesTableViewController.swift */,
				93D2AA8623A2E76D00402DCA /* PicCollectionViewController.swift */,
			);
			path = Controller;
			sourceTree = "<group>";
		};
		93C6356223A2E1EF002C9437 /* Extinsions */ = {
			isa = PBXGroup;
			children = (
				93D2AA8823A2E78400402DCA /* UIViewController+Additions.swift */,
				93D2AA8A23A2E79200402DCA /* PicCollectionViewController+Extensions.swift */,
				93D2AA8C23A2E79F00402DCA /* MapViewController+Extension.swift */,
			);
			path = Extinsions;
			sourceTree = "<group>";
		};
		93C6356323A2E1F5002C9437 /* Model */ = {
			isa = PBXGroup;
			children = (
				93D2AAA623A2F70200402DCA /* Virtual_Tourist.xcdatamodeld */,
				93D2AA9223A2E7E500402DCA /* Meme.swift */,
				93D2AA9423A2E80300402DCA /* Photo.swift */,
				93D2AA9623A2E81100402DCA /* Photo+CoreDataProperties.swift */,
				93D2AA9A23A2E83200402DCA /* Pin.swift */,
				93D2AA9C23A2E84600402DCA /* Pin+CoreDataProperties.swift */,
				93D2AA9E23A2E85700402DCA /* CoreData.swift */,
				93D2AA7C23A2E62E00402DCA /* Network */,
			);
			path = Model;
			sourceTree = "<group>";
		};
		93C6356423A2E1FC002C9437 /* Utalities */ = {
			isa = PBXGroup;
			children = (
				93D2AAA423A2E8F600402DCA /* GCDBlackBox.swift */,
				9376548523A996DD007A9CB5 /* Reachability.swift */,
			);
			path = Utalities;
			sourceTree = "<group>";
		};
		93C6356523A2E201002C9437 /* Resources */ = {
			isa = PBXGroup;
			children = (
				93C6355423A2E168002C9437 /* Assets.xcassets */,
			);
			path = Resources;
			sourceTree = "<group>";
		};
		93D2AA7B23A2E60D00402DCA /* StoryBoards */ = {
			isa = PBXGroup;
			children = (
				93C6355123A2E164002C9437 /* Main.storyboard */,
				93C6355623A2E168002C9437 /* LaunchScreen.storyboard */,
			);
			path = StoryBoards;
			sourceTree = "<group>";
		};
		93D2AA7C23A2E62E00402DCA /* Network */ = {
			isa = PBXGroup;
			children = (
				93D2AA9023A2E7CC00402DCA /* API.swift */,
				93D2AA7D23A2E64300402DCA /* Client */,
			);
			path = Network;
			sourceTree = "<group>";
		};
		93D2AA7D23A2E64300402DCA /* Client */ = {
			isa = PBXGroup;
			children = (
				93D2AA8E23A2E7BF00402DCA /* Flickr.swift */,
			);
			path = Client;
			sourceTree = "<group>";
		};
/* End PBXGroup section */

/* Begin PBXNativeTarget section */
		93C6354723A2E164002C9437 /* TouristMeme */ = {
			isa = PBXNativeTarget;
			buildConfigurationList = 93C6355C23A2E168002C9437 /* Build configuration list for PBXNativeTarget "TouristMeme" */;
			buildPhases = (
				93C6354423A2E164002C9437 /* Sources */,
				93C6354523A2E164002C9437 /* Frameworks */,
				93C6354623A2E164002C9437 /* Resources */,
			);
			buildRules = (
			);
			dependencies = (
			);
			name = TouristMeme;
			productName = TouristMeme;
			productReference = 93C6354823A2E164002C9437 /* TouristMeme.app */;
			productType = "com.apple.product-type.application";
		};
/* End PBXNativeTarget section */

/* Begin PBXProject section */
		93C6354023A2E164002C9437 /* Project object */ = {
			isa = PBXProject;
			attributes = {
				LastSwiftUpdateCheck = 1130;
				LastUpgradeCheck = 1130;
				ORGANIZATIONNAME = saad;
				TargetAttributes = {
					93C6354723A2E164002C9437 = {
						CreatedOnToolsVersion = 11.3;
					};
				};
			};
			buildConfigurationList = 93C6354323A2E164002C9437 /* Build configuration list for PBXProject "TouristMeme" */;
			compatibilityVersion = "Xcode 9.3";
			developmentRegion = en;
			hasScannedForEncodings = 0;
			knownRegions = (
				en,
				Base,
			);
			mainGroup = 93C6353F23A2E164002C9437;
			productRefGroup = 93C6354923A2E164002C9437 /* Products */;
			projectDirPath = "";
			projectRoot = "";
			targets = (
				93C6354723A2E164002C9437 /* TouristMeme */,
			);
		};
/* End PBXProject section */

/* Begin PBXResourcesBuildPhase section */
		93C6354623A2E164002C9437 /* Resources */ = {
			isa = PBXResourcesBuildPhase;
			buildActionMask = 2147483647;
			files = (
				93C6355823A2E168002C9437 /* LaunchScreen.storyboard in Resources */,
				93C6355523A2E168002C9437 /* Assets.xcassets in Resources */,
				93C6355323A2E164002C9437 /* Main.storyboard in Resources */,
			);
			runOnlyForDeploymentPostprocessing = 0;
		};
/* End PBXResourcesBuildPhase section */

/* Begin PBXSourcesBuildPhase section */
		93C6354423A2E164002C9437 /* Sources */ = {
			isa = PBXSourcesBuildPhase;
			buildActionMask = 2147483647;
			files = (
				93D2AA8123A2E6F800402DCA /* MemeDetailViewController.swift in Sources */,
				93D2AAA123A2E87200402DCA /* SentMemesCollectionViewCell.swift in Sources */,
				93D2AA8D23A2E79F00402DCA /* MapViewController+Extension.swift in Sources */,
				93D2AA9B23A2E83200402DCA /* Pin.swift in Sources */,
				93D2AA9F23A2E85700402DCA /* CoreData.swift in Sources */,
				93D2AA8723A2E76D00402DCA /* PicCollectionViewController.swift in Sources */,
				93C6355023A2E164002C9437 /* MapViewController.swift in Sources */,
				93D2AAA823A2F70200402DCA /* Virtual_Tourist.xcdatamodeld in Sources */,
				93D2AA8523A2E73200402DCA /* SentMemesTableViewController.swift in Sources */,
				93C6354C23A2E164002C9437 /* AppDelegate.swift in Sources */,
				93D2AA8923A2E78400402DCA /* UIViewController+Additions.swift in Sources */,
				93C6354E23A2E164002C9437 /* SceneDelegate.swift in Sources */,
				93D2AA9123A2E7CC00402DCA /* API.swift in Sources */,
				93D2AA9D23A2E84600402DCA /* Pin+CoreDataProperties.swift in Sources */,
				9376548623A996DD007A9CB5 /* Reachability.swift in Sources */,
				93D2AA9523A2E80300402DCA /* Photo.swift in Sources */,
				93D2AA9323A2E7E500402DCA /* Meme.swift in Sources */,
				93D2AA8323A2E71600402DCA /* SentMemesCollectionViewController.swift in Sources */,
				93D2AA7F23A2E6E400402DCA /* MemeEditorViewController.swift in Sources */,
				93D2AA8F23A2E7BF00402DCA /* Flickr.swift in Sources */,
				93D2AAA323A2E89B00402DCA /* PicCollectionViewControllerCell.swift in Sources */,
				93D2AAA523A2E8F600402DCA /* GCDBlackBox.swift in Sources */,
				93D2AA9723A2E81100402DCA /* Photo+CoreDataProperties.swift in Sources */,
				93D2AA8B23A2E79200402DCA /* PicCollectionViewController+Extensions.swift in Sources */,
			);
			runOnlyForDeploymentPostprocessing = 0;
		};
/* End PBXSourcesBuildPhase section */

/* Begin PBXVariantGroup section */
		93C6355123A2E164002C9437 /* Main.storyboard */ = {
			isa = PBXVariantGroup;
			children = (
				93C6355223A2E164002C9437 /* Base */,
			);
			name = Main.storyboard;
			sourceTree = "<group>";
		};
		93C6355623A2E168002C9437 /* LaunchScreen.storyboard */ = {
			isa = PBXVariantGroup;
			children = (
				93C6355723A2E168002C9437 /* Base */,
			);
			name = LaunchScreen.storyboard;
			sourceTree = "<group>";
		};
/* End PBXVariantGroup section */

/* Begin XCBuildConfiguration section */
		93C6355A23A2E168002C9437 /* Debug */ = {
			isa = XCBuildConfiguration;
			buildSettings = {
				ALWAYS_SEARCH_USER_PATHS = NO;
				CLANG_ANALYZER_NONNULL = YES;
				CLANG_ANALYZER_NUMBER_OBJECT_CONVERSION = YES_AGGRESSIVE;
				CLANG_CXX_LANGUAGE_STANDARD = "gnu++14";
				CLANG_CXX_LIBRARY = "libc++";
				CLANG_ENABLE_MODULES = YES;
				CLANG_ENABLE_OBJC_ARC = YES;
				CLANG_ENABLE_OBJC_WEAK = YES;
				CLANG_WARN_BLOCK_CAPTURE_AUTORELEASING = YES;
				CLANG_WARN_BOOL_CONVERSION = YES;
				CLANG_WARN_COMMA = YES;
				CLANG_WARN_CONSTANT_CONVERSION = YES;
				CLANG_WARN_DEPRECATED_OBJC_IMPLEMENTATIONS = YES;
				CLANG_WARN_DIRECT_OBJC_ISA_USAGE = YES_ERROR;
				CLANG_WARN_DOCUMENTATION_COMMENTS = YES;
				CLANG_WARN_EMPTY_BODY = YES;
				CLANG_WARN_ENUM_CONVERSION = YES;
				CLANG_WARN_INFINITE_RECURSION = YES;
				CLANG_WARN_INT_CONVERSION = YES;
				CLANG_WARN_NON_LITERAL_NULL_CONVERSION = YES;
				CLANG_WARN_OBJC_IMPLICIT_RETAIN_SELF = YES;
				CLANG_WARN_OBJC_LITERAL_CONVERSION = YES;
				CLANG_WARN_OBJC_ROOT_CLASS = YES_ERROR;
				CLANG_WARN_RANGE_LOOP_ANALYSIS = YES;
				CLANG_WARN_STRICT_PROTOTYPES = YES;
				CLANG_WARN_SUSPICIOUS_MOVE = YES;
				CLANG_WARN_UNGUARDED_AVAILABILITY = YES_AGGRESSIVE;
				CLANG_WARN_UNREACHABLE_CODE = YES;
				CLANG_WARN__DUPLICATE_METHOD_MATCH = YES;
				COPY_PHASE_STRIP = NO;
				DEBUG_INFORMATION_FORMAT = dwarf;
				ENABLE_STRICT_OBJC_MSGSEND = YES;
				ENABLE_TESTABILITY = YES;
				GCC_C_LANGUAGE_STANDARD = gnu11;
				GCC_DYNAMIC_NO_PIC = NO;
				GCC_NO_COMMON_BLOCKS = YES;
				GCC_OPTIMIZATION_LEVEL = 0;
				GCC_PREPROCESSOR_DEFINITIONS = (
					"DEBUG=1",
					"$(inherited)",
				);
				GCC_WARN_64_TO_32_BIT_CONVERSION = YES;
				GCC_WARN_ABOUT_RETURN_TYPE = YES_ERROR;
				GCC_WARN_UNDECLARED_SELECTOR = YES;
				GCC_WARN_UNINITIALIZED_AUTOS = YES_AGGRESSIVE;
				GCC_WARN_UNUSED_FUNCTION = YES;
				GCC_WARN_UNUSED_VARIABLE = YES;
				IPHONEOS_DEPLOYMENT_TARGET = 13.2;
				MTL_ENABLE_DEBUG_INFO = INCLUDE_SOURCE;
				MTL_FAST_MATH = YES;
				ONLY_ACTIVE_ARCH = YES;
				SDKROOT = iphoneos;
				SWIFT_ACTIVE_COMPILATION_CONDITIONS = DEBUG;
				SWIFT_OPTIMIZATION_LEVEL = "-Onone";
			};
			name = Debug;
		};
		93C6355B23A2E168002C9437 /* Release */ = {
			isa = XCBuildConfiguration;
			buildSettings = {
				ALWAYS_SEARCH_USER_PATHS = NO;
				CLANG_ANALYZER_NONNULL = YES;
				CLANG_ANALYZER_NUMBER_OBJECT_CONVERSION = YES_AGGRESSIVE;
				CLANG_CXX_LANGUAGE_STANDARD = "gnu++14";
				CLANG_CXX_LIBRARY = "libc++";
				CLANG_ENABLE_MODULES = YES;
				CLANG_ENABLE_OBJC_ARC = YES;
				CLANG_ENABLE_OBJC_WEAK = YES;
				CLANG_WARN_BLOCK_CAPTURE_AUTORELEASING = YES;
				CLANG_WARN_BOOL_CONVERSION = YES;
				CLANG_WARN_COMMA = YES;
				CLANG_WARN_CONSTANT_CONVERSION = YES;
				CLANG_WARN_DEPRECATED_OBJC_IMPLEMENTATIONS = YES;
				CLANG_WARN_DIRECT_OBJC_ISA_USAGE = YES_ERROR;
				CLANG_WARN_DOCUMENTATION_COMMENTS = YES;
				CLANG_WARN_EMPTY_BODY = YES;
				CLANG_WARN_ENUM_CONVERSION = YES;
				CLANG_WARN_INFINITE_RECURSION = YES;
				CLANG_WARN_INT_CONVERSION = YES;
				CLANG_WARN_NON_LITERAL_NULL_CONVERSION = YES;
				CLANG_WARN_OBJC_IMPLICIT_RETAIN_SELF = YES;
				CLANG_WARN_OBJC_LITERAL_CONVERSION = YES;
				CLANG_WARN_OBJC_ROOT_CLASS = YES_ERROR;
				CLANG_WARN_RANGE_LOOP_ANALYSIS = YES;
				CLANG_WARN_STRICT_PROTOTYPES = YES;
				CLANG_WARN_SUSPICIOUS_MOVE = YES;
				CLANG_WARN_UNGUARDED_AVAILABILITY = YES_AGGRESSIVE;
				CLANG_WARN_UNREACHABLE_CODE = YES;
				CLANG_WARN__DUPLICATE_METHOD_MATCH = YES;
				COPY_PHASE_STRIP = NO;
				DEBUG_INFORMATION_FORMAT = "dwarf-with-dsym";
				ENABLE_NS_ASSERTIONS = NO;
				ENABLE_STRICT_OBJC_MSGSEND = YES;
				GCC_C_LANGUAGE_STANDARD = gnu11;
				GCC_NO_COMMON_BLOCKS = YES;
				GCC_WARN_64_TO_32_BIT_CONVERSION = YES;
				GCC_WARN_ABOUT_RETURN_TYPE = YES_ERROR;
				GCC_WARN_UNDECLARED_SELECTOR = YES;
				GCC_WARN_UNINITIALIZED_AUTOS = YES_AGGRESSIVE;
				GCC_WARN_UNUSED_FUNCTION = YES;
				GCC_WARN_UNUSED_VARIABLE = YES;
				IPHONEOS_DEPLOYMENT_TARGET = 13.2;
				MTL_ENABLE_DEBUG_INFO = NO;
				MTL_FAST_MATH = YES;
				SDKROOT = iphoneos;
				SWIFT_COMPILATION_MODE = wholemodule;
				SWIFT_OPTIMIZATION_LEVEL = "-O";
				VALIDATE_PRODUCT = YES;
			};
			name = Release;
		};
		93C6355D23A2E168002C9437 /* Debug */ = {
			isa = XCBuildConfiguration;
			buildSettings = {
				ASSETCATALOG_COMPILER_APPICON_NAME = AppIcon;
				CODE_SIGN_STYLE = Automatic;
				DEVELOPMENT_TEAM = B7W44F6M2Q;
				INFOPLIST_FILE = TouristMeme/Info.plist;
				IPHONEOS_DEPLOYMENT_TARGET = 13.1;
				LD_RUNPATH_SEARCH_PATHS = (
					"$(inherited)",
					"@executable_path/Frameworks",
				);
				PRODUCT_BUNDLE_IDENTIFIER = saad.TouristMeme;
				PRODUCT_NAME = "$(TARGET_NAME)";
				SWIFT_VERSION = 5.0;
				TARGETED_DEVICE_FAMILY = "1,2";
			};
			name = Debug;
		};
		93C6355E23A2E168002C9437 /* Release */ = {
			isa = XCBuildConfiguration;
			buildSettings = {
				ASSETCATALOG_COMPILER_APPICON_NAME = AppIcon;
				CODE_SIGN_STYLE = Automatic;
				DEVELOPMENT_TEAM = B7W44F6M2Q;
				INFOPLIST_FILE = TouristMeme/Info.plist;
				IPHONEOS_DEPLOYMENT_TARGET = 13.1;
				LD_RUNPATH_SEARCH_PATHS = (
					"$(inherited)",
					"@executable_path/Frameworks",
				);
				PRODUCT_BUNDLE_IDENTIFIER = saad.TouristMeme;
				PRODUCT_NAME = "$(TARGET_NAME)";
				SWIFT_VERSION = 5.0;
				TARGETED_DEVICE_FAMILY = "1,2";
			};
			name = Release;
		};
/* End XCBuildConfiguration section */

/* Begin XCConfigurationList section */
		93C6354323A2E164002C9437 /* Build configuration list for PBXProject "TouristMeme" */ = {
			isa = XCConfigurationList;
			buildConfigurations = (
				93C6355A23A2E168002C9437 /* Debug */,
				93C6355B23A2E168002C9437 /* Release */,
			);
			defaultConfigurationIsVisible = 0;
			defaultConfigurationName = Release;
		};
		93C6355C23A2E168002C9437 /* Build configuration list for PBXNativeTarget "TouristMeme" */ = {
			isa = XCConfigurationList;
			buildConfigurations = (
				93C6355D23A2E168002C9437 /* Debug */,
				93C6355E23A2E168002C9437 /* Release */,
			);
			defaultConfigurationIsVisible = 0;
			defaultConfigurationName = Release;
		};
/* End XCConfigurationList section */

/* Begin XCVersionGroup section */
		93D2AAA623A2F70200402DCA /* Virtual_Tourist.xcdatamodeld */ = {
			isa = XCVersionGroup;
			children = (
				93D2AAA723A2F70200402DCA /* Virtual_Tourist.xcdatamodel */,
			);
			currentVersion = 93D2AAA723A2F70200402DCA /* Virtual_Tourist.xcdatamodel */;
			path = Virtual_Tourist.xcdatamodeld;
			sourceTree = "<group>";
			versionGroupType = wrapper.xcdatamodel;
		};
/* End XCVersionGroup section */
	};
	rootObject = 93C6354023A2E164002C9437 /* Project object */;
}
